
Microsoft Visual Studio Solution File, Format Version 12.00
Project("{FAE04EC0-301F-11D3-BF4B-00C04F79EFBC}") = "Inventario.Data", "Inventario.Data\Inventario.Data.csproj", "{D78194A3-6EAD-4FCD-8F11-1993D4DAED9C}"
EndProject
Global
	GlobalSection(SolutionConfigurationPlatforms) = preSolution
		Debug|Any CPU = Debug|Any CPU
		Release|Any CPU = Release|Any CPU
	EndGlobalSection
	GlobalSection(ProjectConfigurationPlatforms) = postSolution
		{D78194A3-6EAD-4FCD-8F11-1993D4DAED9C}.Debug|Any CPU.ActiveCfg = Debug|Any CPU
		{D78194A3-6EAD-4FCD-8F11-1993D4DAED9C}.Debug|Any CPU.Build.0 = Debug|Any CPU
		{D78194A3-6EAD-4FCD-8F11-1993D4DAED9C}.Release|Any CPU.ActiveCfg = Release|Any CPU
		{D78194A3-6EAD-4FCD-8F11-1993D4DAED9C}.Release|Any CPU.Build.0 = Release|Any CPU
	EndGlobalSection
EndGlobal
